
Microsoft Visual Studio Solution File, Format Version 12.00
# Visual Studio Version 16
VisualStudioVersion = 16.0.30907.101
MinimumVisualStudioVersion = 10.0.40219.1
Project("{FAE04EC0-301F-11D3-BF4B-00C04F79EFBC}") = "Singleton", "Singleton\Singleton.csproj", "{84ACAECA-7857-4E1A-99BD-3854EB324DAA}"
EndProject
Global
	GlobalSection(SolutionConfigurationPlatforms) = preSolution
		Debug|Any CPU = Debug|Any CPU
		Release|Any CPU = Release|Any CPU
	EndGlobalSection
	GlobalSection(ProjectConfigurationPlatforms) = postSolution
		{84ACAECA-7857-4E1A-99BD-3854EB324DAA}.Debug|Any CPU.ActiveCfg = Debug|Any CPU
		{84ACAECA-7857-4E1A-99BD-3854EB324DAA}.Debug|Any CPU.Build.0 = Debug|Any CPU
		{84ACAECA-7857-4E1A-99BD-3854EB324DAA}.Release|Any CPU.ActiveCfg = Release|Any CPU
		{84ACAECA-7857-4E1A-99BD-3854EB324DAA}.Release|Any CPU.Build.0 = Release|Any CPU
	EndGlobalSection
	GlobalSection(SolutionProperties) = preSolution
		HideSolutionNode = FALSE
	EndGlobalSection
	GlobalSection(ExtensibilityGlobals) = postSolution
		SolutionGuid = {6B7658D7-9537-4306-8F61-286D183075D0}
	EndGlobalSection
EndGlobal
