
Microsoft Visual Studio Solution File, Format Version 12.00
# Visual Studio Version 16
VisualStudioVersion = 16.0.30907.101
MinimumVisualStudioVersion = 10.0.40219.1
Project("{FAE04EC0-301F-11D3-BF4B-00C04F79EFBC}") = "Decorate", "Decorate\Decorate.csproj", "{2230A47D-F949-4CB0-B843-AD3EBDDA2BEB}"
EndProject
Global
	GlobalSection(SolutionConfigurationPlatforms) = preSolution
		Debug|Any CPU = Debug|Any CPU
		Release|Any CPU = Release|Any CPU
	EndGlobalSection
	GlobalSection(ProjectConfigurationPlatforms) = postSolution
		{2230A47D-F949-4CB0-B843-AD3EBDDA2BEB}.Debug|Any CPU.ActiveCfg = Debug|Any CPU
		{2230A47D-F949-4CB0-B843-AD3EBDDA2BEB}.Debug|Any CPU.Build.0 = Debug|Any CPU
		{2230A47D-F949-4CB0-B843-AD3EBDDA2BEB}.Release|Any CPU.ActiveCfg = Release|Any CPU
		{2230A47D-F949-4CB0-B843-AD3EBDDA2BEB}.Release|Any CPU.Build.0 = Release|Any CPU
	EndGlobalSection
	GlobalSection(SolutionProperties) = preSolution
		HideSolutionNode = FALSE
	EndGlobalSection
	GlobalSection(ExtensibilityGlobals) = postSolution
		SolutionGuid = {ACFF790C-BC52-4BF3-8619-E40B441F5E24}
	EndGlobalSection
EndGlobal
