
Microsoft Visual Studio Solution File, Format Version 12.00
# Visual Studio Version 16
VisualStudioVersion = 16.0.30907.101
MinimumVisualStudioVersion = 10.0.40219.1
Project("{FAE04EC0-301F-11D3-BF4B-00C04F79EFBC}") = "Prototype", "Prototype\Prototype.csproj", "{8EC5A98C-B012-42A8-908A-2AD988422DCC}"
EndProject
Project("{FAE04EC0-301F-11D3-BF4B-00C04F79EFBC}") = "PrototypeTests", "PrototypeTests\PrototypeTests.csproj", "{E17CCC64-1813-4D03-A270-F2F848D8B55F}"
EndProject
Global
	GlobalSection(SolutionConfigurationPlatforms) = preSolution
		Debug|Any CPU = Debug|Any CPU
		Release|Any CPU = Release|Any CPU
	EndGlobalSection
	GlobalSection(ProjectConfigurationPlatforms) = postSolution
		{8EC5A98C-B012-42A8-908A-2AD988422DCC}.Debug|Any CPU.ActiveCfg = Debug|Any CPU
		{8EC5A98C-B012-42A8-908A-2AD988422DCC}.Debug|Any CPU.Build.0 = Debug|Any CPU
		{8EC5A98C-B012-42A8-908A-2AD988422DCC}.Release|Any CPU.ActiveCfg = Release|Any CPU
		{8EC5A98C-B012-42A8-908A-2AD988422DCC}.Release|Any CPU.Build.0 = Release|Any CPU
		{E17CCC64-1813-4D03-A270-F2F848D8B55F}.Debug|Any CPU.ActiveCfg = Debug|Any CPU
		{E17CCC64-1813-4D03-A270-F2F848D8B55F}.Debug|Any CPU.Build.0 = Debug|Any CPU
		{E17CCC64-1813-4D03-A270-F2F848D8B55F}.Release|Any CPU.ActiveCfg = Release|Any CPU
		{E17CCC64-1813-4D03-A270-F2F848D8B55F}.Release|Any CPU.Build.0 = Release|Any CPU
	EndGlobalSection
	GlobalSection(SolutionProperties) = preSolution
		HideSolutionNode = FALSE
	EndGlobalSection
	GlobalSection(ExtensibilityGlobals) = postSolution
		SolutionGuid = {B461AD3C-908D-42E4-A510-BBEF5D70BDBF}
	EndGlobalSection
EndGlobal
